<?xml version="1.0" encoding="utf-8"?>
<Project ToolsVersion="4.0" xmlns="http://schemas.microsoft.com/developer/msbuild/2003">
  <ItemGroup>
    <Filter Include="Source Files">
      <UniqueIdentifier>{4FC737F1-C7A5-4376-A066-2A32D752A2FF}</UniqueIdentifier>
      <Extensions>cpp;c;cc;cxx;c++;cppm;ixx;def;odl;idl;hpj;bat;asm;asmx</Extensions>
    </Filter>
    <Filter Include="Resource Files">
      <UniqueIdentifier>{67DA6AB6-F800-4c08-8B7A-83BB121AAD01}</UniqueIdentifier>
      <Extensions>rc;ico;cur;bmp;dlg;rc2;rct;bin;rgs;gif;jpg;jpeg;jpe;resx;tiff;tif;png;wav;mfcribbon-ms</Extensions>
    </Filter>
    <Filter Include="LogicCells">
      <UniqueIdentifier>{6b34b251-9081-4892-9527-1f3fe2678182}</UniqueIdentifier>
    </Filter>
    <Filter Include="LogicModuls">
      <UniqueIdentifier>{c4ed6777-c70e-416f-90af-5232f625d4de}</UniqueIdentifier>
    </Filter>
    <Filter Include="Core">
      <UniqueIdentifier>{ad9cbc7e-5354-4be5-a4c8-33bb14150ab7}</UniqueIdentifier>
    </Filter>
  </ItemGroup>
  <ItemGroup>
    <ClCompile Include="src\csEventLogic.cpp">
      <Filter>Source Files</Filter>
    </ClCompile>
    <ClCompile Include="src\Core\EventList.cpp">
      <Filter>Core</Filter>
    </ClCompile>
    <ClCompile Include="src\Core\LogicInp.cpp">
      <Filter>Core</Filter>
    </ClCompile>
    <ClCompile Include="src\Core\LogicOut.cpp">
      <Filter>Core</Filter>
    </ClCompile>
    <ClCompile Include="src\Core\LogicApp.cpp">
      <Filter>Core</Filter>
    </ClCompile>
  </ItemGroup>
  <ItemGroup>
    <ClInclude Include="src\LogicCells\LogicGate.h">
      <Filter>LogicCells</Filter>
    </ClInclude>
    <ClInclude Include="src\LogicCells\Clock.h">
      <Filter>LogicCells</Filter>
    </ClInclude>
    <ClInclude Include="src\LogicCells\DFFasc.h">
      <Filter>LogicCells</Filter>
    </ClInclude>
    <ClInclude Include="src\LogicCells\TFFac.h">
      <Filter>LogicCells</Filter>
    </ClInclude>
    <ClInclude Include="src\LogicModuls\RippleCnt.h">
      <Filter>LogicModuls</Filter>
    </ClInclude>
    <ClInclude Include="src\Core\csLink.h">
      <Filter>Core</Filter>
    </ClInclude>
    <ClInclude Include="src\Core\EventList.h">
      <Filter>Core</Filter>
    </ClInclude>
    <ClInclude Include="src\Core\LogicCell.h">
      <Filter>Core</Filter>
    </ClInclude>
    <ClInclude Include="src\Core\LogicInp.h">
      <Filter>Core</Filter>
    </ClInclude>
    <ClInclude Include="src\Core\LogicOut.h">
      <Filter>Core</Filter>
    </ClInclude>
    <ClInclude Include="src\LogicModuls\FrqDoubler.h">
      <Filter>LogicModuls</Filter>
    </ClInclude>
    <ClInclude Include="src\Core\ProbeAdapter.h">
      <Filter>Core</Filter>
    </ClInclude>
    <ClInclude Include="src\LogicCells\DelayCell.h">
      <Filter>LogicCells</Filter>
    </ClInclude>
    <ClInclude Include="src\Core\LogicApp.h">
      <Filter>Core</Filter>
    </ClInclude>
  </ItemGroup>
</Project>